
Microsoft Visual Studio Solution File, Format Version 12.00
# Visual Studio Version 17
VisualStudioVersion = 17.5.002.0
MinimumVisualStudioVersion = 10.0.40219.1
Project("{9A19103F-16F7-4668-BE54-9A1E7A4F7556}") = "Maior2Num", "Maior2Num\Maior2Num.csproj", "{1C0106D2-7E4F-4D11-B109-8EC35F1F11A4}"
EndProject
Project("{9A19103F-16F7-4668-BE54-9A1E7A4F7556}") = "Negativo", "Negativo\Negativo.csproj", "{9A74D940-801A-4087-A969-D4EDA4F1A845}"
EndProject
Project("{9A19103F-16F7-4668-BE54-9A1E7A4F7556}") = "Senha", "Senha\Senha.csproj", "{96BA0129-0BD6-4C89-A482-7E2CE0DABDA0}"
EndProject
Project("{9A19103F-16F7-4668-BE54-9A1E7A4F7556}") = "Sinal", "Sinal\Sinal.csproj", "{4A8FBF82-5DCD-4D44-8423-186019CE7966}"
EndProject
Global
	GlobalSection(SolutionConfigurationPlatforms) = preSolution
		Debug|Any CPU = Debug|Any CPU
		Release|Any CPU = Release|Any CPU
	EndGlobalSection
	GlobalSection(ProjectConfigurationPlatforms) = postSolution
		{1C0106D2-7E4F-4D11-B109-8EC35F1F11A4}.Debug|Any CPU.ActiveCfg = Debug|Any CPU
		{1C0106D2-7E4F-4D11-B109-8EC35F1F11A4}.Debug|Any CPU.Build.0 = Debug|Any CPU
		{1C0106D2-7E4F-4D11-B109-8EC35F1F11A4}.Release|Any CPU.ActiveCfg = Release|Any CPU
		{1C0106D2-7E4F-4D11-B109-8EC35F1F11A4}.Release|Any CPU.Build.0 = Release|Any CPU
		{9A74D940-801A-4087-A969-D4EDA4F1A845}.Debug|Any CPU.ActiveCfg = Debug|Any CPU
		{9A74D940-801A-4087-A969-D4EDA4F1A845}.Debug|Any CPU.Build.0 = Debug|Any CPU
		{9A74D940-801A-4087-A969-D4EDA4F1A845}.Release|Any CPU.ActiveCfg = Release|Any CPU
		{9A74D940-801A-4087-A969-D4EDA4F1A845}.Release|Any CPU.Build.0 = Release|Any CPU
		{96BA0129-0BD6-4C89-A482-7E2CE0DABDA0}.Debug|Any CPU.ActiveCfg = Debug|Any CPU
		{96BA0129-0BD6-4C89-A482-7E2CE0DABDA0}.Debug|Any CPU.Build.0 = Debug|Any CPU
		{96BA0129-0BD6-4C89-A482-7E2CE0DABDA0}.Release|Any CPU.ActiveCfg = Release|Any CPU
		{96BA0129-0BD6-4C89-A482-7E2CE0DABDA0}.Release|Any CPU.Build.0 = Release|Any CPU
		{4A8FBF82-5DCD-4D44-8423-186019CE7966}.Debug|Any CPU.ActiveCfg = Debug|Any CPU
		{4A8FBF82-5DCD-4D44-8423-186019CE7966}.Debug|Any CPU.Build.0 = Debug|Any CPU
		{4A8FBF82-5DCD-4D44-8423-186019CE7966}.Release|Any CPU.ActiveCfg = Release|Any CPU
		{4A8FBF82-5DCD-4D44-8423-186019CE7966}.Release|Any CPU.Build.0 = Release|Any CPU
	EndGlobalSection
	GlobalSection(SolutionProperties) = preSolution
		HideSolutionNode = FALSE
	EndGlobalSection
	GlobalSection(ExtensibilityGlobals) = postSolution
		SolutionGuid = {89940239-868E-4B28-A075-FD21AD40B27F}
	EndGlobalSection
EndGlobal
